
Microsoft Visual Studio Solution File, Format Version 12.00
# Visual Studio 15
VisualStudioVersion = 15.0.28307.572
MinimumVisualStudioVersion = 10.0.40219.1
Project("{8BC9CEB8-8B4A-11D0-8D11-00A0C91BC942}") = "EventLibTests", "EventLibTests\EventLibTests.vcxproj", "{6D2B2E66-3696-4392-9A34-5556E9560986}"
EndProject
Global
	GlobalSection(SolutionConfigurationPlatforms) = preSolution
		Debug|x64 = Debug|x64
		Debug|x86 = Debug|x86
		Release|x64 = Release|x64
		Release|x86 = Release|x86
	EndGlobalSection
	GlobalSection(ProjectConfigurationPlatforms) = postSolution
		{6D2B2E66-3696-4392-9A34-5556E9560986}.Debug|x64.ActiveCfg = Debug|x64
		{6D2B2E66-3696-4392-9A34-5556E9560986}.Debug|x64.Build.0 = Debug|x64
		{6D2B2E66-3696-4392-9A34-5556E9560986}.Debug|x86.ActiveCfg = Debug|Win32
		{6D2B2E66-3696-4392-9A34-5556E9560986}.Debug|x86.Build.0 = Debug|Win32
		{6D2B2E66-3696-4392-9A34-5556E9560986}.Release|x64.ActiveCfg = Release|x64
		{6D2B2E66-3696-4392-9A34-5556E9560986}.Release|x64.Build.0 = Release|x64
		{6D2B2E66-3696-4392-9A34-5556E9560986}.Release|x86.ActiveCfg = Release|Win32
		{6D2B2E66-3696-4392-9A34-5556E9560986}.Release|x86.Build.0 = Release|Win32
	EndGlobalSection
	GlobalSection(SolutionProperties) = preSolution
		HideSolutionNode = FALSE
	EndGlobalSection
	GlobalSection(ExtensibilityGlobals) = postSolution
		SolutionGuid = {F5D5F517-9574-4E94-8344-9EC264268523}
	EndGlobalSection
EndGlobal
